
Microsoft Visual Studio Solution File, Format Version 12.00
# Visual Studio 15
VisualStudioVersion = 15.0.27130.0
MinimumVisualStudioVersion = 10.0.40219.1
Project("{FAE04EC0-301F-11D3-BF4B-00C04F79EFBC}") = "PSIRMobile.Android", "PSIRMobile\PSIRMobile.Android\PSIRMobile.Android.csproj", "{F968D5B3-4FA8-4D83-8E59-BA35CDAA9413}"
EndProject
Project("{FAE04EC0-301F-11D3-BF4B-00C04F79EFBC}") = "PSIRMobile.iOS", "PSIRMobile\PSIRMobile.iOS\PSIRMobile.iOS.csproj", "{A5869EF4-8D0A-4025-A41B-5A59ABF07BEC}"
EndProject
Project("{FAE04EC0-301F-11D3-BF4B-00C04F79EFBC}") = "PSIRMobile", "PSIRMobile\PSIRMobile\PSIRMobile.csproj", "{908B486F-A1FF-4D0A-8B98-55EF08289F9C}"
EndProject
Project("{FAE04EC0-301F-11D3-BF4B-00C04F79EFBC}") = "PSIRWebService", "PSIRWebService\PSIRWebService.csproj", "{DEF1BEE4-B6E9-48DB-B31D-7959E77D4EFA}"
EndProject
Project("{FAE04EC0-301F-11D3-BF4B-00C04F79EFBC}") = "PSIRModel", "PSIRModel\PSIRModel.csproj", "{7F4309D2-A2FA-49EF-941B-5BD8F878CEDB}"
EndProject
Global
	GlobalSection(SolutionConfigurationPlatforms) = preSolution
		Ad-Hoc|Any CPU = Ad-Hoc|Any CPU
		Ad-Hoc|iPhone = Ad-Hoc|iPhone
		Ad-Hoc|iPhoneSimulator = Ad-Hoc|iPhoneSimulator
		AppStore|Any CPU = AppStore|Any CPU
		AppStore|iPhone = AppStore|iPhone
		AppStore|iPhoneSimulator = AppStore|iPhoneSimulator
		Debug|Any CPU = Debug|Any CPU
		Debug|iPhone = Debug|iPhone
		Debug|iPhoneSimulator = Debug|iPhoneSimulator
		Release|Any CPU = Release|Any CPU
		Release|iPhone = Release|iPhone
		Release|iPhoneSimulator = Release|iPhoneSimulator
	EndGlobalSection
	GlobalSection(ProjectConfigurationPlatforms) = postSolution
		{F968D5B3-4FA8-4D83-8E59-BA35CDAA9413}.Ad-Hoc|Any CPU.ActiveCfg = Release|Any CPU
		{F968D5B3-4FA8-4D83-8E59-BA35CDAA9413}.Ad-Hoc|Any CPU.Build.0 = Release|Any CPU
		{F968D5B3-4FA8-4D83-8E59-BA35CDAA9413}.Ad-Hoc|Any CPU.Deploy.0 = Release|Any CPU
		{F968D5B3-4FA8-4D83-8E59-BA35CDAA9413}.Ad-Hoc|iPhone.ActiveCfg = Release|Any CPU
		{F968D5B3-4FA8-4D83-8E59-BA35CDAA9413}.Ad-Hoc|iPhone.Build.0 = Release|Any CPU
		{F968D5B3-4FA8-4D83-8E59-BA35CDAA9413}.Ad-Hoc|iPhone.Deploy.0 = Release|Any CPU
		{F968D5B3-4FA8-4D83-8E59-BA35CDAA9413}.Ad-Hoc|iPhoneSimulator.ActiveCfg = Release|Any CPU
		{F968D5B3-4FA8-4D83-8E59-BA35CDAA9413}.Ad-Hoc|iPhoneSimulator.Build.0 = Release|Any CPU
		{F968D5B3-4FA8-4D83-8E59-BA35CDAA9413}.Ad-Hoc|iPhoneSimulator.Deploy.0 = Release|Any CPU
		{F968D5B3-4FA8-4D83-8E59-BA35CDAA9413}.AppStore|Any CPU.ActiveCfg = Release|Any CPU
		{F968D5B3-4FA8-4D83-8E59-BA35CDAA9413}.AppStore|Any CPU.Build.0 = Release|Any CPU
		{F968D5B3-4FA8-4D83-8E59-BA35CDAA9413}.AppStore|Any CPU.Deploy.0 = Release|Any CPU
		{F968D5B3-4FA8-4D83-8E59-BA35CDAA9413}.AppStore|iPhone.ActiveCfg = Release|Any CPU
		{F968D5B3-4FA8-4D83-8E59-BA35CDAA9413}.AppStore|iPhone.Build.0 = Release|Any CPU
		{F968D5B3-4FA8-4D83-8E59-BA35CDAA9413}.AppStore|iPhone.Deploy.0 = Release|Any CPU
		{F968D5B3-4FA8-4D83-8E59-BA35CDAA9413}.AppStore|iPhoneSimulator.ActiveCfg = Release|Any CPU
		{F968D5B3-4FA8-4D83-8E59-BA35CDAA9413}.AppStore|iPhoneSimulator.Build.0 = Release|Any CPU
		{F968D5B3-4FA8-4D83-8E59-BA35CDAA9413}.AppStore|iPhoneSimulator.Deploy.0 = Release|Any CPU
		{F968D5B3-4FA8-4D83-8E59-BA35CDAA9413}.Debug|Any CPU.ActiveCfg = Debug|Any CPU
		{F968D5B3-4FA8-4D83-8E59-BA35CDAA9413}.Debug|Any CPU.Build.0 = Debug|Any CPU
		{F968D5B3-4FA8-4D83-8E59-BA35CDAA9413}.Debug|Any CPU.Deploy.0 = Debug|Any CPU
		{F968D5B3-4FA8-4D83-8E59-BA35CDAA9413}.Debug|iPhone.ActiveCfg = Debug|Any CPU
		{F968D5B3-4FA8-4D83-8E59-BA35CDAA9413}.Debug|iPhone.Build.0 = Debug|Any CPU
		{F968D5B3-4FA8-4D83-8E59-BA35CDAA9413}.Debug|iPhone.Deploy.0 = Debug|Any CPU
		{F968D5B3-4FA8-4D83-8E59-BA35CDAA9413}.Debug|iPhoneSimulator.ActiveCfg = Debug|Any CPU
		{F968D5B3-4FA8-4D83-8E59-BA35CDAA9413}.Debug|iPhoneSimulator.Build.0 = Debug|Any CPU
		{F968D5B3-4FA8-4D83-8E59-BA35CDAA9413}.Debug|iPhoneSimulator.Deploy.0 = Debug|Any CPU
		{F968D5B3-4FA8-4D83-8E59-BA35CDAA9413}.Release|Any CPU.ActiveCfg = Release|Any CPU
		{F968D5B3-4FA8-4D83-8E59-BA35CDAA9413}.Release|Any CPU.Build.0 = Release|Any CPU
		{F968D5B3-4FA8-4D83-8E59-BA35CDAA9413}.Release|Any CPU.Deploy.0 = Release|Any CPU
		{F968D5B3-4FA8-4D83-8E59-BA35CDAA9413}.Release|iPhone.ActiveCfg = Release|Any CPU
		{F968D5B3-4FA8-4D83-8E59-BA35CDAA9413}.Release|iPhone.Build.0 = Release|Any CPU
		{F968D5B3-4FA8-4D83-8E59-BA35CDAA9413}.Release|iPhone.Deploy.0 = Release|Any CPU
		{F968D5B3-4FA8-4D83-8E59-BA35CDAA9413}.Release|iPhoneSimulator.ActiveCfg = Release|Any CPU
		{F968D5B3-4FA8-4D83-8E59-BA35CDAA9413}.Release|iPhoneSimulator.Build.0 = Release|Any CPU
		{F968D5B3-4FA8-4D83-8E59-BA35CDAA9413}.Release|iPhoneSimulator.Deploy.0 = Release|Any CPU
		{A5869EF4-8D0A-4025-A41B-5A59ABF07BEC}.Ad-Hoc|Any CPU.ActiveCfg = Ad-Hoc|iPhone
		{A5869EF4-8D0A-4025-A41B-5A59ABF07BEC}.Ad-Hoc|iPhone.ActiveCfg = Ad-Hoc|iPhone
		{A5869EF4-8D0A-4025-A41B-5A59ABF07BEC}.Ad-Hoc|iPhone.Build.0 = Ad-Hoc|iPhone
		{A5869EF4-8D0A-4025-A41B-5A59ABF07BEC}.Ad-Hoc|iPhoneSimulator.ActiveCfg = Ad-Hoc|iPhoneSimulator
		{A5869EF4-8D0A-4025-A41B-5A59ABF07BEC}.Ad-Hoc|iPhoneSimulator.Build.0 = Ad-Hoc|iPhoneSimulator
		{A5869EF4-8D0A-4025-A41B-5A59ABF07BEC}.AppStore|Any CPU.ActiveCfg = AppStore|iPhone
		{A5869EF4-8D0A-4025-A41B-5A59ABF07BEC}.AppStore|iPhone.ActiveCfg = AppStore|iPhone
		{A5869EF4-8D0A-4025-A41B-5A59ABF07BEC}.AppStore|iPhone.Build.0 = AppStore|iPhone
		{A5869EF4-8D0A-4025-A41B-5A59ABF07BEC}.AppStore|iPhoneSimulator.ActiveCfg = AppStore|iPhoneSimulator
		{A5869EF4-8D0A-4025-A41B-5A59ABF07BEC}.AppStore|iPhoneSimulator.Build.0 = AppStore|iPhoneSimulator
		{A5869EF4-8D0A-4025-A41B-5A59ABF07BEC}.Debug|Any CPU.ActiveCfg = Debug|iPhone
		{A5869EF4-8D0A-4025-A41B-5A59ABF07BEC}.Debug|iPhone.ActiveCfg = Debug|iPhone
		{A5869EF4-8D0A-4025-A41B-5A59ABF07BEC}.Debug|iPhone.Build.0 = Debug|iPhone
		{A5869EF4-8D0A-4025-A41B-5A59ABF07BEC}.Debug|iPhoneSimulator.ActiveCfg = Debug|iPhoneSimulator
		{A5869EF4-8D0A-4025-A41B-5A59ABF07BEC}.Debug|iPhoneSimulator.Build.0 = Debug|iPhoneSimulator
		{A5869EF4-8D0A-4025-A41B-5A59ABF07BEC}.Release|Any CPU.ActiveCfg = Release|iPhone
		{A5869EF4-8D0A-4025-A41B-5A59ABF07BEC}.Release|iPhone.ActiveCfg = Release|iPhone
		{A5869EF4-8D0A-4025-A41B-5A59ABF07BEC}.Release|iPhone.Build.0 = Release|iPhone
		{A5869EF4-8D0A-4025-A41B-5A59ABF07BEC}.Release|iPhoneSimulator.ActiveCfg = Release|iPhoneSimulator
		{A5869EF4-8D0A-4025-A41B-5A59ABF07BEC}.Release|iPhoneSimulator.Build.0 = Release|iPhoneSimulator
		{908B486F-A1FF-4D0A-8B98-55EF08289F9C}.Ad-Hoc|Any CPU.ActiveCfg = Debug|Any CPU
		{908B486F-A1FF-4D0A-8B98-55EF08289F9C}.Ad-Hoc|Any CPU.Build.0 = Debug|Any CPU
		{908B486F-A1FF-4D0A-8B98-55EF08289F9C}.Ad-Hoc|iPhone.ActiveCfg = Debug|Any CPU
		{908B486F-A1FF-4D0A-8B98-55EF08289F9C}.Ad-Hoc|iPhone.Build.0 = Debug|Any CPU
		{908B486F-A1FF-4D0A-8B98-55EF08289F9C}.Ad-Hoc|iPhoneSimulator.ActiveCfg = Debug|Any CPU
		{908B486F-A1FF-4D0A-8B98-55EF08289F9C}.Ad-Hoc|iPhoneSimulator.Build.0 = Debug|Any CPU
		{908B486F-A1FF-4D0A-8B98-55EF08289F9C}.AppStore|Any CPU.ActiveCfg = Debug|Any CPU
		{908B486F-A1FF-4D0A-8B98-55EF08289F9C}.AppStore|Any CPU.Build.0 = Debug|Any CPU
		{908B486F-A1FF-4D0A-8B98-55EF08289F9C}.AppStore|iPhone.ActiveCfg = Debug|Any CPU
		{908B486F-A1FF-4D0A-8B98-55EF08289F9C}.AppStore|iPhone.Build.0 = Debug|Any CPU
		{908B486F-A1FF-4D0A-8B98-55EF08289F9C}.AppStore|iPhoneSimulator.ActiveCfg = Debug|Any CPU
		{908B486F-A1FF-4D0A-8B98-55EF08289F9C}.AppStore|iPhoneSimulator.Build.0 = Debug|Any CPU
		{908B486F-A1FF-4D0A-8B98-55EF08289F9C}.Debug|Any CPU.ActiveCfg = Debug|Any CPU
		{908B486F-A1FF-4D0A-8B98-55EF08289F9C}.Debug|Any CPU.Build.0 = Debug|Any CPU
		{908B486F-A1FF-4D0A-8B98-55EF08289F9C}.Debug|iPhone.ActiveCfg = Debug|Any CPU
		{908B486F-A1FF-4D0A-8B98-55EF08289F9C}.Debug|iPhone.Build.0 = Debug|Any CPU
		{908B486F-A1FF-4D0A-8B98-55EF08289F9C}.Debug|iPhoneSimulator.ActiveCfg = Debug|Any CPU
		{908B486F-A1FF-4D0A-8B98-55EF08289F9C}.Debug|iPhoneSimulator.Build.0 = Debug|Any CPU
		{908B486F-A1FF-4D0A-8B98-55EF08289F9C}.Release|Any CPU.ActiveCfg = Release|Any CPU
		{908B486F-A1FF-4D0A-8B98-55EF08289F9C}.Release|Any CPU.Build.0 = Release|Any CPU
		{908B486F-A1FF-4D0A-8B98-55EF08289F9C}.Release|iPhone.ActiveCfg = Release|Any CPU
		{908B486F-A1FF-4D0A-8B98-55EF08289F9C}.Release|iPhone.Build.0 = Release|Any CPU
		{908B486F-A1FF-4D0A-8B98-55EF08289F9C}.Release|iPhoneSimulator.ActiveCfg = Release|Any CPU
		{908B486F-A1FF-4D0A-8B98-55EF08289F9C}.Release|iPhoneSimulator.Build.0 = Release|Any CPU
		{DEF1BEE4-B6E9-48DB-B31D-7959E77D4EFA}.Ad-Hoc|Any CPU.ActiveCfg = Release|Any CPU
		{DEF1BEE4-B6E9-48DB-B31D-7959E77D4EFA}.Ad-Hoc|Any CPU.Build.0 = Release|Any CPU
		{DEF1BEE4-B6E9-48DB-B31D-7959E77D4EFA}.Ad-Hoc|iPhone.ActiveCfg = Release|Any CPU
		{DEF1BEE4-B6E9-48DB-B31D-7959E77D4EFA}.Ad-Hoc|iPhone.Build.0 = Release|Any CPU
		{DEF1BEE4-B6E9-48DB-B31D-7959E77D4EFA}.Ad-Hoc|iPhoneSimulator.ActiveCfg = Release|Any CPU
		{DEF1BEE4-B6E9-48DB-B31D-7959E77D4EFA}.Ad-Hoc|iPhoneSimulator.Build.0 = Release|Any CPU
		{DEF1BEE4-B6E9-48DB-B31D-7959E77D4EFA}.AppStore|Any CPU.ActiveCfg = Release|Any CPU
		{DEF1BEE4-B6E9-48DB-B31D-7959E77D4EFA}.AppStore|Any CPU.Build.0 = Release|Any CPU
		{DEF1BEE4-B6E9-48DB-B31D-7959E77D4EFA}.AppStore|iPhone.ActiveCfg = Release|Any CPU
		{DEF1BEE4-B6E9-48DB-B31D-7959E77D4EFA}.AppStore|iPhone.Build.0 = Release|Any CPU
		{DEF1BEE4-B6E9-48DB-B31D-7959E77D4EFA}.AppStore|iPhoneSimulator.ActiveCfg = Release|Any CPU
		{DEF1BEE4-B6E9-48DB-B31D-7959E77D4EFA}.AppStore|iPhoneSimulator.Build.0 = Release|Any CPU
		{DEF1BEE4-B6E9-48DB-B31D-7959E77D4EFA}.Debug|Any CPU.ActiveCfg = Debug|Any CPU
		{DEF1BEE4-B6E9-48DB-B31D-7959E77D4EFA}.Debug|Any CPU.Build.0 = Debug|Any CPU
		{DEF1BEE4-B6E9-48DB-B31D-7959E77D4EFA}.Debug|iPhone.ActiveCfg = Debug|Any CPU
		{DEF1BEE4-B6E9-48DB-B31D-7959E77D4EFA}.Debug|iPhone.Build.0 = Debug|Any CPU
		{DEF1BEE4-B6E9-48DB-B31D-7959E77D4EFA}.Debug|iPhoneSimulator.ActiveCfg = Debug|Any CPU
		{DEF1BEE4-B6E9-48DB-B31D-7959E77D4EFA}.Debug|iPhoneSimulator.Build.0 = Debug|Any CPU
		{DEF1BEE4-B6E9-48DB-B31D-7959E77D4EFA}.Release|Any CPU.ActiveCfg = Release|Any CPU
		{DEF1BEE4-B6E9-48DB-B31D-7959E77D4EFA}.Release|Any CPU.Build.0 = Release|Any CPU
		{DEF1BEE4-B6E9-48DB-B31D-7959E77D4EFA}.Release|iPhone.ActiveCfg = Release|Any CPU
		{DEF1BEE4-B6E9-48DB-B31D-7959E77D4EFA}.Release|iPhone.Build.0 = Release|Any CPU
		{DEF1BEE4-B6E9-48DB-B31D-7959E77D4EFA}.Release|iPhoneSimulator.ActiveCfg = Release|Any CPU
		{DEF1BEE4-B6E9-48DB-B31D-7959E77D4EFA}.Release|iPhoneSimulator.Build.0 = Release|Any CPU
		{7F4309D2-A2FA-49EF-941B-5BD8F878CEDB}.Ad-Hoc|Any CPU.ActiveCfg = Debug|Any CPU
		{7F4309D2-A2FA-49EF-941B-5BD8F878CEDB}.Ad-Hoc|Any CPU.Build.0 = Debug|Any CPU
		{7F4309D2-A2FA-49EF-941B-5BD8F878CEDB}.Ad-Hoc|iPhone.ActiveCfg = Debug|Any CPU
		{7F4309D2-A2FA-49EF-941B-5BD8F878CEDB}.Ad-Hoc|iPhone.Build.0 = Debug|Any CPU
		{7F4309D2-A2FA-49EF-941B-5BD8F878CEDB}.Ad-Hoc|iPhoneSimulator.ActiveCfg = Debug|Any CPU
		{7F4309D2-A2FA-49EF-941B-5BD8F878CEDB}.Ad-Hoc|iPhoneSimulator.Build.0 = Debug|Any CPU
		{7F4309D2-A2FA-49EF-941B-5BD8F878CEDB}.AppStore|Any CPU.ActiveCfg = Debug|Any CPU
		{7F4309D2-A2FA-49EF-941B-5BD8F878CEDB}.AppStore|Any CPU.Build.0 = Debug|Any CPU
		{7F4309D2-A2FA-49EF-941B-5BD8F878CEDB}.AppStore|iPhone.ActiveCfg = Debug|Any CPU
		{7F4309D2-A2FA-49EF-941B-5BD8F878CEDB}.AppStore|iPhone.Build.0 = Debug|Any CPU
		{7F4309D2-A2FA-49EF-941B-5BD8F878CEDB}.AppStore|iPhoneSimulator.ActiveCfg = Debug|Any CPU
		{7F4309D2-A2FA-49EF-941B-5BD8F878CEDB}.AppStore|iPhoneSimulator.Build.0 = Debug|Any CPU
		{7F4309D2-A2FA-49EF-941B-5BD8F878CEDB}.Debug|Any CPU.ActiveCfg = Debug|Any CPU
		{7F4309D2-A2FA-49EF-941B-5BD8F878CEDB}.Debug|Any CPU.Build.0 = Debug|Any CPU
		{7F4309D2-A2FA-49EF-941B-5BD8F878CEDB}.Debug|iPhone.ActiveCfg = Debug|Any CPU
		{7F4309D2-A2FA-49EF-941B-5BD8F878CEDB}.Debug|iPhone.Build.0 = Debug|Any CPU
		{7F4309D2-A2FA-49EF-941B-5BD8F878CEDB}.Debug|iPhoneSimulator.ActiveCfg = Debug|Any CPU
		{7F4309D2-A2FA-49EF-941B-5BD8F878CEDB}.Debug|iPhoneSimulator.Build.0 = Debug|Any CPU
		{7F4309D2-A2FA-49EF-941B-5BD8F878CEDB}.Release|Any CPU.ActiveCfg = Release|Any CPU
		{7F4309D2-A2FA-49EF-941B-5BD8F878CEDB}.Release|Any CPU.Build.0 = Release|Any CPU
		{7F4309D2-A2FA-49EF-941B-5BD8F878CEDB}.Release|iPhone.ActiveCfg = Release|Any CPU
		{7F4309D2-A2FA-49EF-941B-5BD8F878CEDB}.Release|iPhone.Build.0 = Release|Any CPU
		{7F4309D2-A2FA-49EF-941B-5BD8F878CEDB}.Release|iPhoneSimulator.ActiveCfg = Release|Any CPU
		{7F4309D2-A2FA-49EF-941B-5BD8F878CEDB}.Release|iPhoneSimulator.Build.0 = Release|Any CPU
	EndGlobalSection
	GlobalSection(SolutionProperties) = preSolution
		HideSolutionNode = FALSE
	EndGlobalSection
	GlobalSection(ExtensibilityGlobals) = postSolution
		SolutionGuid = {DDA819F4-7F24-40EC-A39A-7B583A819809}
	EndGlobalSection
EndGlobal
